
Microsoft Visual Studio Solution File, Format Version 12.00
# Visual Studio 15
VisualStudioVersion = 15.0.27428.2043
MinimumVisualStudioVersion = 10.0.40219.1
Project("{FAE04EC0-301F-11D3-BF4B-00C04F79EFBC}") = "MultiClientArchitecture", "MultiClientArchitecture\MultiClientArchitecture.csproj", "{26B4C271-12E9-4F64-A846-6FF2683F4D6B}"
EndProject
Project("{2150E333-8FDC-42A3-9474-1A3956D46DE8}") = "Solution Items", "Solution Items", "{D638052C-8C8E-4480-A5F2-C56EE656A2F5}"
	ProjectSection(SolutionItems) = preProject
		.gitignore = .gitignore
	EndProjectSection
EndProject
Project("{FAE04EC0-301F-11D3-BF4B-00C04F79EFBC}") = "ArchitectureUsage", "ArchitectureUsage\ArchitectureUsage.csproj", "{AC5EE633-8AB4-417E-B842-C7DE80AE89F6}"
EndProject
Global
	GlobalSection(SolutionConfigurationPlatforms) = preSolution
		Debug|Any CPU = Debug|Any CPU
		Release|Any CPU = Release|Any CPU
	EndGlobalSection
	GlobalSection(ProjectConfigurationPlatforms) = postSolution
		{26B4C271-12E9-4F64-A846-6FF2683F4D6B}.Debug|Any CPU.ActiveCfg = Debug|Any CPU
		{26B4C271-12E9-4F64-A846-6FF2683F4D6B}.Debug|Any CPU.Build.0 = Debug|Any CPU
		{26B4C271-12E9-4F64-A846-6FF2683F4D6B}.Release|Any CPU.ActiveCfg = Release|Any CPU
		{26B4C271-12E9-4F64-A846-6FF2683F4D6B}.Release|Any CPU.Build.0 = Release|Any CPU
		{AC5EE633-8AB4-417E-B842-C7DE80AE89F6}.Debug|Any CPU.ActiveCfg = Debug|Any CPU
		{AC5EE633-8AB4-417E-B842-C7DE80AE89F6}.Debug|Any CPU.Build.0 = Debug|Any CPU
		{AC5EE633-8AB4-417E-B842-C7DE80AE89F6}.Release|Any CPU.ActiveCfg = Release|Any CPU
		{AC5EE633-8AB4-417E-B842-C7DE80AE89F6}.Release|Any CPU.Build.0 = Release|Any CPU
	EndGlobalSection
	GlobalSection(SolutionProperties) = preSolution
		HideSolutionNode = FALSE
	EndGlobalSection
	GlobalSection(ExtensibilityGlobals) = postSolution
		SolutionGuid = {FD11246A-86B9-4F26-97F3-9805ADC80DD8}
	EndGlobalSection
EndGlobal
